
Microsoft Visual Studio Solution File, Format Version 12.00
# Visual Studio 14
VisualStudioVersion = 14.0.25420.1
MinimumVisualStudioVersion = 10.0.40219.1
Project("{FAE04EC0-301F-11D3-BF4B-00C04F79EFBC}") = "TreeTraversal", "TreeTraversal\TreeTraversal.csproj", "{676FF25F-5146-4D61-AE41-1A1C1FFA63A4}"
EndProject
Project("{FAE04EC0-301F-11D3-BF4B-00C04F79EFBC}") = "SavingDirectoryStructureByUsingNestedSetModel", "SavingDirectoryStructureByUsingNestedSetModel\SavingDirectoryStructureByUsingNestedSetModel.csproj", "{89A960DF-1242-4164-BD26-57FD91C5B9BD}"
EndProject
Global
	GlobalSection(SolutionConfigurationPlatforms) = preSolution
		Debug|Any CPU = Debug|Any CPU
		Release|Any CPU = Release|Any CPU
	EndGlobalSection
	GlobalSection(ProjectConfigurationPlatforms) = postSolution
		{676FF25F-5146-4D61-AE41-1A1C1FFA63A4}.Debug|Any CPU.ActiveCfg = Debug|Any CPU
		{676FF25F-5146-4D61-AE41-1A1C1FFA63A4}.Debug|Any CPU.Build.0 = Debug|Any CPU
		{676FF25F-5146-4D61-AE41-1A1C1FFA63A4}.Release|Any CPU.ActiveCfg = Release|Any CPU
		{676FF25F-5146-4D61-AE41-1A1C1FFA63A4}.Release|Any CPU.Build.0 = Release|Any CPU
		{89A960DF-1242-4164-BD26-57FD91C5B9BD}.Debug|Any CPU.ActiveCfg = Debug|Any CPU
		{89A960DF-1242-4164-BD26-57FD91C5B9BD}.Debug|Any CPU.Build.0 = Debug|Any CPU
		{89A960DF-1242-4164-BD26-57FD91C5B9BD}.Release|Any CPU.ActiveCfg = Release|Any CPU
		{89A960DF-1242-4164-BD26-57FD91C5B9BD}.Release|Any CPU.Build.0 = Release|Any CPU
	EndGlobalSection
	GlobalSection(SolutionProperties) = preSolution
		HideSolutionNode = FALSE
	EndGlobalSection
EndGlobal
